// !$*UTF8*$!
{
	archiveVersion = 1;
	classes = {
	};
	objectVersion = 56;
	objects = {

/* Begin PBXBuildFile section */
		553472B52C2E9918008E13C0 /* main.swift in Sources */ = {isa = PBXBuildFile; fileRef = 553472B42C2E9918008E13C0 /* main.swift */; };
		553472C02C2E993C008E13C0 /* main.swift in Sources */ = {isa = PBXBuildFile; fileRef = 553472BF2C2E993C008E13C0 /* main.swift */; };
		553472CB2C2E996C008E13C0 /* main.swift in Sources */ = {isa = PBXBuildFile; fileRef = 553472CA2C2E996C008E13C0 /* main.swift */; };
		553472D62C2E9986008E13C0 /* main.swift in Sources */ = {isa = PBXBuildFile; fileRef = 553472D52C2E9986008E13C0 /* main.swift */; };
/* End PBXBuildFile section */

/* Begin PBXCopyFilesBuildPhase section */
		553472972C2E98C4008E13C0 /* CopyFiles */ = {
			isa = PBXCopyFilesBuildPhase;
			buildActionMask = 2147483647;
			dstPath = /usr/share/man/man1/;
			dstSubfolderSpec = 0;
			files = (
			);
			runOnlyForDeploymentPostprocessing = 1;
		};
		553472A52C2E98F7008E13C0 /* CopyFiles */ = {
			isa = PBXCopyFilesBuildPhase;
			buildActionMask = 2147483647;
			dstPath = /usr/share/man/man1/;
			dstSubfolderSpec = 0;
			files = (
			);
			runOnlyForDeploymentPostprocessing = 1;
		};
		553472B02C2E9918008E13C0 /* CopyFiles */ = {
			isa = PBXCopyFilesBuildPhase;
			buildActionMask = 2147483647;
			dstPath = /usr/share/man/man1/;
			dstSubfolderSpec = 0;
			files = (
			);
			runOnlyForDeploymentPostprocessing = 1;
		};
		553472BB2C2E993C008E13C0 /* CopyFiles */ = {
			isa = PBXCopyFilesBuildPhase;
			buildActionMask = 2147483647;
			dstPath = /usr/share/man/man1/;
			dstSubfolderSpec = 0;
			files = (
			);
			runOnlyForDeploymentPostprocessing = 1;
		};
		553472C62C2E996C008E13C0 /* CopyFiles */ = {
			isa = PBXCopyFilesBuildPhase;
			buildActionMask = 2147483647;
			dstPath = /usr/share/man/man1/;
			dstSubfolderSpec = 0;
			files = (
			);
			runOnlyForDeploymentPostprocessing = 1;
		};
		553472D12C2E9986008E13C0 /* CopyFiles */ = {
			isa = PBXCopyFilesBuildPhase;
			buildActionMask = 2147483647;
			dstPath = /usr/share/man/man1/;
			dstSubfolderSpec = 0;
			files = (
			);
			runOnlyForDeploymentPostprocessing = 1;
		};
/* End PBXCopyFilesBuildPhase section */

/* Begin PBXFileReference section */
		553472992C2E98C4008E13C0 /* Coding-Challenges */ = {isa = PBXFileReference; explicitFileType = "compiled.mach-o.executable"; includeInIndex = 0; path = "Coding-Challenges"; sourceTree = BUILT_PRODUCTS_DIR; };
		553472A72C2E98F7008E13C0 /* Woche1 */ = {isa = PBXFileReference; explicitFileType = "compiled.mach-o.executable"; includeInIndex = 0; path = Woche1; sourceTree = BUILT_PRODUCTS_DIR; };
		553472B22C2E9918008E13C0 /* Tag 1 */ = {isa = PBXFileReference; explicitFileType = "compiled.mach-o.executable"; includeInIndex = 0; path = "Tag 1"; sourceTree = BUILT_PRODUCTS_DIR; };
		553472B42C2E9918008E13C0 /* main.swift */ = {isa = PBXFileReference; lastKnownFileType = sourcecode.swift; path = main.swift; sourceTree = "<group>"; };
		553472BD2C2E993C008E13C0 /* Tag 2 */ = {isa = PBXFileReference; explicitFileType = "compiled.mach-o.executable"; includeInIndex = 0; path = "Tag 2"; sourceTree = BUILT_PRODUCTS_DIR; };
		553472BF2C2E993C008E13C0 /* main.swift */ = {isa = PBXFileReference; lastKnownFileType = sourcecode.swift; path = main.swift; sourceTree = "<group>"; };
		553472C82C2E996C008E13C0 /* Tag 3 */ = {isa = PBXFileReference; explicitFileType = "compiled.mach-o.executable"; includeInIndex = 0; path = "Tag 3"; sourceTree = BUILT_PRODUCTS_DIR; };
		553472CA2C2E996C008E13C0 /* main.swift */ = {isa = PBXFileReference; lastKnownFileType = sourcecode.swift; path = main.swift; sourceTree = "<group>"; };
		553472D32C2E9986008E13C0 /* Tag 4 */ = {isa = PBXFileReference; explicitFileType = "compiled.mach-o.executable"; includeInIndex = 0; path = "Tag 4"; sourceTree = BUILT_PRODUCTS_DIR; };
		553472D52C2E9986008E13C0 /* main.swift */ = {isa = PBXFileReference; lastKnownFileType = sourcecode.swift; path = main.swift; sourceTree = "<group>"; };
/* End PBXFileReference section */

/* Begin PBXFrameworksBuildPhase section */
		553472962C2E98C4008E13C0 /* Frameworks */ = {
			isa = PBXFrameworksBuildPhase;
			buildActionMask = 2147483647;
			files = (
			);
			runOnlyForDeploymentPostprocessing = 0;
		};
		553472A42C2E98F7008E13C0 /* Frameworks */ = {
			isa = PBXFrameworksBuildPhase;
			buildActionMask = 2147483647;
			files = (
			);
			runOnlyForDeploymentPostprocessing = 0;
		};
		553472AF2C2E9918008E13C0 /* Frameworks */ = {
			isa = PBXFrameworksBuildPhase;
			buildActionMask = 2147483647;
			files = (
			);
			runOnlyForDeploymentPostprocessing = 0;
		};
		553472BA2C2E993C008E13C0 /* Frameworks */ = {
			isa = PBXFrameworksBuildPhase;
			buildActionMask = 2147483647;
			files = (
			);
			runOnlyForDeploymentPostprocessing = 0;
		};
		553472C52C2E996C008E13C0 /* Frameworks */ = {
			isa = PBXFrameworksBuildPhase;
			buildActionMask = 2147483647;
			files = (
			);
			runOnlyForDeploymentPostprocessing = 0;
		};
		553472D02C2E9986008E13C0 /* Frameworks */ = {
			isa = PBXFrameworksBuildPhase;
			buildActionMask = 2147483647;
			files = (
			);
			runOnlyForDeploymentPostprocessing = 0;
		};
/* End PBXFrameworksBuildPhase section */

/* Begin PBXGroup section */
		553472902C2E98C4008E13C0 = {
			isa = PBXGroup;
			children = (
				5534729B2C2E98C4008E13C0 /* Coding-Challenges */,
				5534729A2C2E98C4008E13C0 /* Products */,
			);
			sourceTree = "<group>";
		};
		5534729A2C2E98C4008E13C0 /* Products */ = {
			isa = PBXGroup;
			children = (
				553472992C2E98C4008E13C0 /* Coding-Challenges */,
				553472A72C2E98F7008E13C0 /* Woche1 */,
				553472B22C2E9918008E13C0 /* Tag 1 */,
				553472BD2C2E993C008E13C0 /* Tag 2 */,
				553472C82C2E996C008E13C0 /* Tag 3 */,
				553472D32C2E9986008E13C0 /* Tag 4 */,
			);
			name = Products;
			sourceTree = "<group>";
		};
		5534729B2C2E98C4008E13C0 /* Coding-Challenges */ = {
			isa = PBXGroup;
			children = (
				553472A82C2E98F7008E13C0 /* Woche1 */,
			);
			path = "Coding-Challenges";
			sourceTree = "<group>";
		};
		553472A82C2E98F7008E13C0 /* Woche1 */ = {
			isa = PBXGroup;
			children = (
				553472B32C2E9918008E13C0 /* Tag 1 */,
				553472BE2C2E993C008E13C0 /* Tag 2 */,
				553472C92C2E996C008E13C0 /* Tag 3 */,
				553472D42C2E9986008E13C0 /* Tag 4 */,
			);
			path = Woche1;
			sourceTree = "<group>";
		};
		553472B32C2E9918008E13C0 /* Tag 1 */ = {
			isa = PBXGroup;
			children = (
				553472B42C2E9918008E13C0 /* main.swift */,
			);
			path = "Tag 1";
			sourceTree = "<group>";
		};
		553472BE2C2E993C008E13C0 /* Tag 2 */ = {
			isa = PBXGroup;
			children = (
				553472BF2C2E993C008E13C0 /* main.swift */,
			);
			path = "Tag 2";
			sourceTree = "<group>";
		};
		553472C92C2E996C008E13C0 /* Tag 3 */ = {
			isa = PBXGroup;
			children = (
				553472CA2C2E996C008E13C0 /* main.swift */,
			);
			path = "Tag 3";
			sourceTree = "<group>";
		};
		553472D42C2E9986008E13C0 /* Tag 4 */ = {
			isa = PBXGroup;
			children = (
				553472D52C2E9986008E13C0 /* main.swift */,
			);
			path = "Tag 4";
			sourceTree = "<group>";
		};
/* End PBXGroup section */

/* Begin PBXNativeTarget section */
		553472982C2E98C4008E13C0 /* Coding-Challenges */ = {
			isa = PBXNativeTarget;
			buildConfigurationList = 553472A02C2E98C4008E13C0 /* Build configuration list for PBXNativeTarget "Coding-Challenges" */;
			buildPhases = (
				553472952C2E98C4008E13C0 /* Sources */,
				553472962C2E98C4008E13C0 /* Frameworks */,
				553472972C2E98C4008E13C0 /* CopyFiles */,
			);
			buildRules = (
			);
			dependencies = (
			);
			name = "Coding-Challenges";
			productName = "Coding-Challenges";
			productReference = 553472992C2E98C4008E13C0 /* Coding-Challenges */;
			productType = "com.apple.product-type.tool";
		};
		553472A62C2E98F7008E13C0 /* Woche1 */ = {
			isa = PBXNativeTarget;
			buildConfigurationList = 553472AB2C2E98F7008E13C0 /* Build configuration list for PBXNativeTarget "Woche1" */;
			buildPhases = (
				553472A32C2E98F7008E13C0 /* Sources */,
				553472A42C2E98F7008E13C0 /* Frameworks */,
				553472A52C2E98F7008E13C0 /* CopyFiles */,
			);
			buildRules = (
			);
			dependencies = (
			);
			name = Woche1;
			productName = Woche1;
			productReference = 553472A72C2E98F7008E13C0 /* Woche1 */;
			productType = "com.apple.product-type.tool";
		};
		553472B12C2E9918008E13C0 /* Tag 1 */ = {
			isa = PBXNativeTarget;
			buildConfigurationList = 553472B62C2E9918008E13C0 /* Build configuration list for PBXNativeTarget "Tag 1" */;
			buildPhases = (
				553472AE2C2E9918008E13C0 /* Sources */,
				553472AF2C2E9918008E13C0 /* Frameworks */,
				553472B02C2E9918008E13C0 /* CopyFiles */,
			);
			buildRules = (
			);
			dependencies = (
			);
			name = "Tag 1";
			productName = "Tag 1";
			productReference = 553472B22C2E9918008E13C0 /* Tag 1 */;
			productType = "com.apple.product-type.tool";
		};
		553472BC2C2E993C008E13C0 /* Tag 2 */ = {
			isa = PBXNativeTarget;
			buildConfigurationList = 553472C12C2E993C008E13C0 /* Build configuration list for PBXNativeTarget "Tag 2" */;
			buildPhases = (
				553472B92C2E993C008E13C0 /* Sources */,
				553472BA2C2E993C008E13C0 /* Frameworks */,
				553472BB2C2E993C008E13C0 /* CopyFiles */,
			);
			buildRules = (
			);
			dependencies = (
			);
			name = "Tag 2";
			productName = "Tag 2";
			productReference = 553472BD2C2E993C008E13C0 /* Tag 2 */;
			productType = "com.apple.product-type.tool";
		};
		553472C72C2E996C008E13C0 /* Tag 3 */ = {
			isa = PBXNativeTarget;
			buildConfigurationList = 553472CC2C2E996C008E13C0 /* Build configuration list for PBXNativeTarget "Tag 3" */;
			buildPhases = (
				553472C42C2E996C008E13C0 /* Sources */,
				553472C52C2E996C008E13C0 /* Frameworks */,
				553472C62C2E996C008E13C0 /* CopyFiles */,
			);
			buildRules = (
			);
			dependencies = (
			);
			name = "Tag 3";
			productName = "Tag 3";
			productReference = 553472C82C2E996C008E13C0 /* Tag 3 */;
			productType = "com.apple.product-type.tool";
		};
		553472D22C2E9986008E13C0 /* Tag 4 */ = {
			isa = PBXNativeTarget;
			buildConfigurationList = 553472D72C2E9986008E13C0 /* Build configuration list for PBXNativeTarget "Tag 4" */;
			buildPhases = (
				553472CF2C2E9986008E13C0 /* Sources */,
				553472D02C2E9986008E13C0 /* Frameworks */,
				553472D12C2E9986008E13C0 /* CopyFiles */,
			);
			buildRules = (
			);
			dependencies = (
			);
			name = "Tag 4";
			productName = "Tag 4";
			productReference = 553472D32C2E9986008E13C0 /* Tag 4 */;
			productType = "com.apple.product-type.tool";
		};
/* End PBXNativeTarget section */

/* Begin PBXProject section */
		553472912C2E98C4008E13C0 /* Project object */ = {
			isa = PBXProject;
			attributes = {
				BuildIndependentTargetsInParallel = 1;
				LastSwiftUpdateCheck = 1540;
				LastUpgradeCheck = 1540;
				TargetAttributes = {
					553472982C2E98C4008E13C0 = {
						CreatedOnToolsVersion = 15.4;
					};
					553472A62C2E98F7008E13C0 = {
						CreatedOnToolsVersion = 15.4;
					};
					553472B12C2E9918008E13C0 = {
						CreatedOnToolsVersion = 15.4;
					};
					553472BC2C2E993C008E13C0 = {
						CreatedOnToolsVersion = 15.4;
					};
					553472C72C2E996C008E13C0 = {
						CreatedOnToolsVersion = 15.4;
					};
					553472D22C2E9986008E13C0 = {
						CreatedOnToolsVersion = 15.4;
					};
				};
			};
			buildConfigurationList = 553472942C2E98C4008E13C0 /* Build configuration list for PBXProject "Coding-Challenges" */;
			compatibilityVersion = "Xcode 14.0";
			developmentRegion = en;
			hasScannedForEncodings = 0;
			knownRegions = (
				en,
				Base,
			);
			mainGroup = 553472902C2E98C4008E13C0;
			productRefGroup = 5534729A2C2E98C4008E13C0 /* Products */;
			projectDirPath = "";
			projectRoot = "";
			targets = (
				553472982C2E98C4008E13C0 /* Coding-Challenges */,
				553472A62C2E98F7008E13C0 /* Woche1 */,
				553472B12C2E9918008E13C0 /* Tag 1 */,
				553472BC2C2E993C008E13C0 /* Tag 2 */,
				553472C72C2E996C008E13C0 /* Tag 3 */,
				553472D22C2E9986008E13C0 /* Tag 4 */,
			);
		};
/* End PBXProject section */

/* Begin PBXSourcesBuildPhase section */
		553472952C2E98C4008E13C0 /* Sources */ = {
			isa = PBXSourcesBuildPhase;
			buildActionMask = 2147483647;
			files = (
			);
			runOnlyForDeploymentPostprocessing = 0;
		};
		553472A32C2E98F7008E13C0 /* Sources */ = {
			isa = PBXSourcesBuildPhase;
			buildActionMask = 2147483647;
			files = (
			);
			runOnlyForDeploymentPostprocessing = 0;
		};
		553472AE2C2E9918008E13C0 /* Sources */ = {
			isa = PBXSourcesBuildPhase;
			buildActionMask = 2147483647;
			files = (
				553472B52C2E9918008E13C0 /* main.swift in Sources */,
			);
			runOnlyForDeploymentPostprocessing = 0;
		};
		553472B92C2E993C008E13C0 /* Sources */ = {
			isa = PBXSourcesBuildPhase;
			buildActionMask = 2147483647;
			files = (
				553472C02C2E993C008E13C0 /* main.swift in Sources */,
			);
			runOnlyForDeploymentPostprocessing = 0;
		};
		553472C42C2E996C008E13C0 /* Sources */ = {
			isa = PBXSourcesBuildPhase;
			buildActionMask = 2147483647;
			files = (
				553472CB2C2E996C008E13C0 /* main.swift in Sources */,
			);
			runOnlyForDeploymentPostprocessing = 0;
		};
		553472CF2C2E9986008E13C0 /* Sources */ = {
			isa = PBXSourcesBuildPhase;
			buildActionMask = 2147483647;
			files = (
				553472D62C2E9986008E13C0 /* main.swift in Sources */,
			);
			runOnlyForDeploymentPostprocessing = 0;
		};
/* End PBXSourcesBuildPhase section */

/* Begin XCBuildConfiguration section */
		5534729E2C2E98C4008E13C0 /* Debug */ = {
			isa = XCBuildConfiguration;
			buildSettings = {
				ALWAYS_SEARCH_USER_PATHS = NO;
				ASSETCATALOG_COMPILER_GENERATE_SWIFT_ASSET_SYMBOL_EXTENSIONS = YES;
				CLANG_ANALYZER_NONNULL = YES;
				CLANG_ANALYZER_NUMBER_OBJECT_CONVERSION = YES_AGGRESSIVE;
				CLANG_CXX_LANGUAGE_STANDARD = "gnu++20";
				CLANG_ENABLE_MODULES = YES;
				CLANG_ENABLE_OBJC_ARC = YES;
				CLANG_ENABLE_OBJC_WEAK = YES;
				CLANG_WARN_BLOCK_CAPTURE_AUTORELEASING = YES;
				CLANG_WARN_BOOL_CONVERSION = YES;
				CLANG_WARN_COMMA = YES;
				CLANG_WARN_CONSTANT_CONVERSION = YES;
				CLANG_WARN_DEPRECATED_OBJC_IMPLEMENTATIONS = YES;
				CLANG_WARN_DIRECT_OBJC_ISA_USAGE = YES_ERROR;
				CLANG_WARN_DOCUMENTATION_COMMENTS = YES;
				CLANG_WARN_EMPTY_BODY = YES;
				CLANG_WARN_ENUM_CONVERSION = YES;
				CLANG_WARN_INFINITE_RECURSION = YES;
				CLANG_WARN_INT_CONVERSION = YES;
				CLANG_WARN_NON_LITERAL_NULL_CONVERSION = YES;
				CLANG_WARN_OBJC_IMPLICIT_RETAIN_SELF = YES;
				CLANG_WARN_OBJC_LITERAL_CONVERSION = YES;
				CLANG_WARN_OBJC_ROOT_CLASS = YES_ERROR;
				CLANG_WARN_QUOTED_INCLUDE_IN_FRAMEWORK_HEADER = YES;
				CLANG_WARN_RANGE_LOOP_ANALYSIS = YES;
				CLANG_WARN_STRICT_PROTOTYPES = YES;
				CLANG_WARN_SUSPICIOUS_MOVE = YES;
				CLANG_WARN_UNGUARDED_AVAILABILITY = YES_AGGRESSIVE;
				CLANG_WARN_UNREACHABLE_CODE = YES;
				CLANG_WARN__DUPLICATE_METHOD_MATCH = YES;
				COPY_PHASE_STRIP = NO;
				DEBUG_INFORMATION_FORMAT = dwarf;
				ENABLE_STRICT_OBJC_MSGSEND = YES;
				ENABLE_TESTABILITY = YES;
				ENABLE_USER_SCRIPT_SANDBOXING = YES;
				GCC_C_LANGUAGE_STANDARD = gnu17;
				GCC_DYNAMIC_NO_PIC = NO;
				GCC_NO_COMMON_BLOCKS = YES;
				GCC_OPTIMIZATION_LEVEL = 0;
				GCC_PREPROCESSOR_DEFINITIONS = (
					"DEBUG=1",
					"$(inherited)",
				);
				GCC_WARN_64_TO_32_BIT_CONVERSION = YES;
				GCC_WARN_ABOUT_RETURN_TYPE = YES_ERROR;
				GCC_WARN_UNDECLARED_SELECTOR = YES;
				GCC_WARN_UNINITIALIZED_AUTOS = YES_AGGRESSIVE;
				GCC_WARN_UNUSED_FUNCTION = YES;
				GCC_WARN_UNUSED_VARIABLE = YES;
				LOCALIZATION_PREFERS_STRING_CATALOGS = YES;
				MACOSX_DEPLOYMENT_TARGET = 14.5;
				MTL_ENABLE_DEBUG_INFO = INCLUDE_SOURCE;
				MTL_FAST_MATH = YES;
				ONLY_ACTIVE_ARCH = YES;
				SDKROOT = macosx;
				SWIFT_ACTIVE_COMPILATION_CONDITIONS = "DEBUG $(inherited)";
				SWIFT_OPTIMIZATION_LEVEL = "-Onone";
			};
			name = Debug;
		};
		5534729F2C2E98C4008E13C0 /* Release */ = {
			isa = XCBuildConfiguration;
			buildSettings = {
				ALWAYS_SEARCH_USER_PATHS = NO;
				ASSETCATALOG_COMPILER_GENERATE_SWIFT_ASSET_SYMBOL_EXTENSIONS = YES;
				CLANG_ANALYZER_NONNULL = YES;
				CLANG_ANALYZER_NUMBER_OBJECT_CONVERSION = YES_AGGRESSIVE;
				CLANG_CXX_LANGUAGE_STANDARD = "gnu++20";
				CLANG_ENABLE_MODULES = YES;
				CLANG_ENABLE_OBJC_ARC = YES;
				CLANG_ENABLE_OBJC_WEAK = YES;
				CLANG_WARN_BLOCK_CAPTURE_AUTORELEASING = YES;
				CLANG_WARN_BOOL_CONVERSION = YES;
				CLANG_WARN_COMMA = YES;
				CLANG_WARN_CONSTANT_CONVERSION = YES;
				CLANG_WARN_DEPRECATED_OBJC_IMPLEMENTATIONS = YES;
				CLANG_WARN_DIRECT_OBJC_ISA_USAGE = YES_ERROR;
				CLANG_WARN_DOCUMENTATION_COMMENTS = YES;
				CLANG_WARN_EMPTY_BODY = YES;
				CLANG_WARN_ENUM_CONVERSION = YES;
				CLANG_WARN_INFINITE_RECURSION = YES;
				CLANG_WARN_INT_CONVERSION = YES;
				CLANG_WARN_NON_LITERAL_NULL_CONVERSION = YES;
				CLANG_WARN_OBJC_IMPLICIT_RETAIN_SELF = YES;
				CLANG_WARN_OBJC_LITERAL_CONVERSION = YES;
				CLANG_WARN_OBJC_ROOT_CLASS = YES_ERROR;
				CLANG_WARN_QUOTED_INCLUDE_IN_FRAMEWORK_HEADER = YES;
				CLANG_WARN_RANGE_LOOP_ANALYSIS = YES;
				CLANG_WARN_STRICT_PROTOTYPES = YES;
				CLANG_WARN_SUSPICIOUS_MOVE = YES;
				CLANG_WARN_UNGUARDED_AVAILABILITY = YES_AGGRESSIVE;
				CLANG_WARN_UNREACHABLE_CODE = YES;
				CLANG_WARN__DUPLICATE_METHOD_MATCH = YES;
				COPY_PHASE_STRIP = NO;
				DEBUG_INFORMATION_FORMAT = "dwarf-with-dsym";
				ENABLE_NS_ASSERTIONS = NO;
				ENABLE_STRICT_OBJC_MSGSEND = YES;
				ENABLE_USER_SCRIPT_SANDBOXING = YES;
				GCC_C_LANGUAGE_STANDARD = gnu17;
				GCC_NO_COMMON_BLOCKS = YES;
				GCC_WARN_64_TO_32_BIT_CONVERSION = YES;
				GCC_WARN_ABOUT_RETURN_TYPE = YES_ERROR;
				GCC_WARN_UNDECLARED_SELECTOR = YES;
				GCC_WARN_UNINITIALIZED_AUTOS = YES_AGGRESSIVE;
				GCC_WARN_UNUSED_FUNCTION = YES;
				GCC_WARN_UNUSED_VARIABLE = YES;
				LOCALIZATION_PREFERS_STRING_CATALOGS = YES;
				MACOSX_DEPLOYMENT_TARGET = 14.5;
				MTL_ENABLE_DEBUG_INFO = NO;
				MTL_FAST_MATH = YES;
				SDKROOT = macosx;
				SWIFT_COMPILATION_MODE = wholemodule;
			};
			name = Release;
		};
		553472A12C2E98C4008E13C0 /* Debug */ = {
			isa = XCBuildConfiguration;
			buildSettings = {
				CODE_SIGN_STYLE = Automatic;
				PRODUCT_NAME = "$(TARGET_NAME)";
				SWIFT_VERSION = 5.0;
			};
			name = Debug;
		};
		553472A22C2E98C4008E13C0 /* Release */ = {
			isa = XCBuildConfiguration;
			buildSettings = {
				CODE_SIGN_STYLE = Automatic;
				PRODUCT_NAME = "$(TARGET_NAME)";
				SWIFT_VERSION = 5.0;
			};
			name = Release;
		};
		553472AC2C2E98F7008E13C0 /* Debug */ = {
			isa = XCBuildConfiguration;
			buildSettings = {
				CODE_SIGN_STYLE = Automatic;
				PRODUCT_NAME = "$(TARGET_NAME)";
				SWIFT_VERSION = 5.0;
			};
			name = Debug;
		};
		553472AD2C2E98F7008E13C0 /* Release */ = {
			isa = XCBuildConfiguration;
			buildSettings = {
				CODE_SIGN_STYLE = Automatic;
				PRODUCT_NAME = "$(TARGET_NAME)";
				SWIFT_VERSION = 5.0;
			};
			name = Release;
		};
		553472B72C2E9918008E13C0 /* Debug */ = {
			isa = XCBuildConfiguration;
			buildSettings = {
				CODE_SIGN_STYLE = Automatic;
				PRODUCT_NAME = "$(TARGET_NAME)";
				SWIFT_VERSION = 5.0;
			};
			name = Debug;
		};
		553472B82C2E9918008E13C0 /* Release */ = {
			isa = XCBuildConfiguration;
			buildSettings = {
				CODE_SIGN_STYLE = Automatic;
				PRODUCT_NAME = "$(TARGET_NAME)";
				SWIFT_VERSION = 5.0;
			};
			name = Release;
		};
		553472C22C2E993C008E13C0 /* Debug */ = {
			isa = XCBuildConfiguration;
			buildSettings = {
				CODE_SIGN_STYLE = Automatic;
				PRODUCT_NAME = "$(TARGET_NAME)";
				SWIFT_VERSION = 5.0;
			};
			name = Debug;
		};
		553472C32C2E993C008E13C0 /* Release */ = {
			isa = XCBuildConfiguration;
			buildSettings = {
				CODE_SIGN_STYLE = Automatic;
				PRODUCT_NAME = "$(TARGET_NAME)";
				SWIFT_VERSION = 5.0;
			};
			name = Release;
		};
		553472CD2C2E996C008E13C0 /* Debug */ = {
			isa = XCBuildConfiguration;
			buildSettings = {
				CODE_SIGN_STYLE = Automatic;
				PRODUCT_NAME = "$(TARGET_NAME)";
				SWIFT_VERSION = 5.0;
			};
			name = Debug;
		};
		553472CE2C2E996C008E13C0 /* Release */ = {
			isa = XCBuildConfiguration;
			buildSettings = {
				CODE_SIGN_STYLE = Automatic;
				PRODUCT_NAME = "$(TARGET_NAME)";
				SWIFT_VERSION = 5.0;
			};
			name = Release;
		};
		553472D82C2E9986008E13C0 /* Debug */ = {
			isa = XCBuildConfiguration;
			buildSettings = {
				CODE_SIGN_STYLE = Automatic;
				PRODUCT_NAME = "$(TARGET_NAME)";
				SWIFT_VERSION = 5.0;
			};
			name = Debug;
		};
		553472D92C2E9986008E13C0 /* Release */ = {
			isa = XCBuildConfiguration;
			buildSettings = {
				CODE_SIGN_STYLE = Automatic;
				PRODUCT_NAME = "$(TARGET_NAME)";
				SWIFT_VERSION = 5.0;
			};
			name = Release;
		};
/* End XCBuildConfiguration section */

/* Begin XCConfigurationList section */
		553472942C2E98C4008E13C0 /* Build configuration list for PBXProject "Coding-Challenges" */ = {
			isa = XCConfigurationList;
			buildConfigurations = (
				5534729E2C2E98C4008E13C0 /* Debug */,
				5534729F2C2E98C4008E13C0 /* Release */,
			);
			defaultConfigurationIsVisible = 0;
			defaultConfigurationName = Release;
		};
		553472A02C2E98C4008E13C0 /* Build configuration list for PBXNativeTarget "Coding-Challenges" */ = {
			isa = XCConfigurationList;
			buildConfigurations = (
				553472A12C2E98C4008E13C0 /* Debug */,
				553472A22C2E98C4008E13C0 /* Release */,
			);
			defaultConfigurationIsVisible = 0;
			defaultConfigurationName = Release;
		};
		553472AB2C2E98F7008E13C0 /* Build configuration list for PBXNativeTarget "Woche1" */ = {
			isa = XCConfigurationList;
			buildConfigurations = (
				553472AC2C2E98F7008E13C0 /* Debug */,
				553472AD2C2E98F7008E13C0 /* Release */,
			);
			defaultConfigurationIsVisible = 0;
			defaultConfigurationName = Release;
		};
		553472B62C2E9918008E13C0 /* Build configuration list for PBXNativeTarget "Tag 1" */ = {
			isa = XCConfigurationList;
			buildConfigurations = (
				553472B72C2E9918008E13C0 /* Debug */,
				553472B82C2E9918008E13C0 /* Release */,
			);
			defaultConfigurationIsVisible = 0;
			defaultConfigurationName = Release;
		};
		553472C12C2E993C008E13C0 /* Build configuration list for PBXNativeTarget "Tag 2" */ = {
			isa = XCConfigurationList;
			buildConfigurations = (
				553472C22C2E993C008E13C0 /* Debug */,
				553472C32C2E993C008E13C0 /* Release */,
			);
			defaultConfigurationIsVisible = 0;
			defaultConfigurationName = Release;
		};
		553472CC2C2E996C008E13C0 /* Build configuration list for PBXNativeTarget "Tag 3" */ = {
			isa = XCConfigurationList;
			buildConfigurations = (
				553472CD2C2E996C008E13C0 /* Debug */,
				553472CE2C2E996C008E13C0 /* Release */,
			);
			defaultConfigurationIsVisible = 0;
			defaultConfigurationName = Release;
		};
		553472D72C2E9986008E13C0 /* Build configuration list for PBXNativeTarget "Tag 4" */ = {
			isa = XCConfigurationList;
			buildConfigurations = (
				553472D82C2E9986008E13C0 /* Debug */,
				553472D92C2E9986008E13C0 /* Release */,
			);
			defaultConfigurationIsVisible = 0;
			defaultConfigurationName = Release;
		};
/* End XCConfigurationList section */
	};
	rootObject = 553472912C2E98C4008E13C0 /* Project object */;
}
